lockfileVersion: '6.0'

settings:
  autoInstallPeers: true
  excludeLinksFromLockfile: false

dependencies:
  '@builder.io/partytown':
    specifier: ^0.8.2
    version: 0.8.2

packages:

  /@builder.io/partytown@0.8.2:
    resolution: {integrity: sha512-WKGE+SO0qUGirW8J+xOWkHeCkfFEoPPvHnFkcdMl+MY3kDbAcTwjZCzjg27JCvoD0h8fH47FR7DSIss0/S5lyg==}
    engines: {node: '>=18.0.0'}
    hasBin: true
    dev: false
