lockfileVersion: '6.0'

settings:
  autoInstallPeers: true
  excludeLinksFromLockfile: false

dependencies:
  '@builder.io/partytown':
    specifier: ^0.9.0
    version: 0.9.0

packages:

  /@builder.io/partytown@0.9.0:
    resolution: {integrity: sha512-kWMcSKBFeymAbumz+pWEYKgdI1JOD6QdkZRi16/ANuCqq2nZ6xZZvXOxWxodN71gBbY+6O31dRd2bMfZNLESJw==}
    engines: {node: '>=18.0.0'}
    hasBin: true
    dev: false
