lockfileVersion: '6.0'

settings:
  autoInstallPeers: true
  excludeLinksFromLockfile: false

dependencies:
  '@builder.io/partytown':
    specifier: ^0.7.3
    version: 0.7.6

packages:

  /@builder.io/partytown@0.7.6:
    resolution: {integrity: sha512-snXIGNiZpqjno3XYQN2lbBB+05hsQR/LSttbtIW1c0gmZ7Kh/DIo0YrxlDxCDulAMFPFM8J+4voLwvYepSj3sw==}
    hasBin: true
    dev: false
